
Microsoft Visual Studio Solution File, Format Version 12.00
# Visual Studio Version 16
VisualStudioVersion = 16.0.33927.289
MinimumVisualStudioVersion = 10.0.40219.1
Project("{2150E333-8FDC-42A3-9474-1A3956D46DE8}") = "Task0", "Task0", "{977367D8-1057-420E-9E0F-5C0F03240CBF}"
EndProject
Project("{FAE04EC0-301F-11D3-BF4B-00C04F79EFBC}") = "Tyuiu.SheludkovAA.Sprint4.Task0.V25.Test", "Tyuiu.SheludkovAA.Sprint4.Task0.V25.Test\Tyuiu.SheludkovAA.Sprint4.Task0.V25.Test.csproj", "{0B8EA93B-E10B-4CDF-9297-1DF39351EB1B}"
EndProject
Project("{FAE04EC0-301F-11D3-BF4B-00C04F79EFBC}") = "Tyuiu.SheludkovAA.Sprint4.Task0.V25.Lib", "Tyuiu.SheludkovAA.Sprint4.Task0.V25.Lib\Tyuiu.SheludkovAA.Sprint4.Task0.V25.Lib.csproj", "{80379423-1D99-4F8B-BAB1-95CB7E32C8B5}"
EndProject
Project("{FAE04EC0-301F-11D3-BF4B-00C04F79EFBC}") = "Tyuiu.SheludkovAA.Sprint4.Task0.V25", "Tyuiu.SheludkovAA.Sprint4.Task0.V25\Tyuiu.SheludkovAA.Sprint4.Task0.V25.csproj", "{408F3298-1477-461E-B0DA-31C6EF92F508}"
EndProject
Project("{2150E333-8FDC-42A3-9474-1A3956D46DE8}") = "Task1", "Task1", "{58F7DD7E-202E-4AF3-85A6-A51E31041E43}"
EndProject
Project("{FAE04EC0-301F-11D3-BF4B-00C04F79EFBC}") = "Tyuiu.SheludkovAA.Sprint4.Task1.V4.Test", "Tyuiu.SheludkovAA.Sprint4.Task1.V4.Test\Tyuiu.SheludkovAA.Sprint4.Task1.V4.Test.csproj", "{FAF1DF8B-22EC-433B-BB29-F1A4061350A8}"
EndProject
Project("{FAE04EC0-301F-11D3-BF4B-00C04F79EFBC}") = "Tyuiu.SheludkovAA.Sprint4.Task1.V4.Lib", "Tyuiu.SheludkovAA.Sprint4.Task1.V4.Lib\Tyuiu.SheludkovAA.Sprint4.Task1.V4.Lib.csproj", "{70FFE4A3-CBAC-470B-9677-E8928539F6CF}"
EndProject
Project("{FAE04EC0-301F-11D3-BF4B-00C04F79EFBC}") = "Tyuiu.SheludkovAA.Sprint4.Task1.V4", "Tyuiu.SheludkovAA.Sprint4.Task1.V4\Tyuiu.SheludkovAA.Sprint4.Task1.V4.csproj", "{5D6D9531-6188-41FF-8509-FC20CF16BF20}"
EndProject
Project("{2150E333-8FDC-42A3-9474-1A3956D46DE8}") = "Task2", "Task2", "{922C6622-0574-44E1-8AFB-F0716D274942}"
EndProject
Project("{FAE04EC0-301F-11D3-BF4B-00C04F79EFBC}") = "Tyuiu.SheludkovAA.Sprint4.Task2.V25.Test", "Tyuiu.SheludkovAA.Sprint4.Task2.V25.Test\Tyuiu.SheludkovAA.Sprint4.Task2.V25.Test.csproj", "{0315F40D-81E3-4578-B1A1-1E55B2C382CD}"
EndProject
Project("{FAE04EC0-301F-11D3-BF4B-00C04F79EFBC}") = "Tyuiu.SheludkovAA.Sprint4.Task2.V25.Lib", "Tyuiu.SheludkovAA.Sprint4.Task2.V25.Lib\Tyuiu.SheludkovAA.Sprint4.Task2.V25.Lib.csproj", "{33B33C49-F834-4B74-817D-80C133147266}"
EndProject
Project("{FAE04EC0-301F-11D3-BF4B-00C04F79EFBC}") = "Tyuiu.SheludkovAA.Sprint4.Task2.V25", "Tyuiu.SheludkovAA.Sprint4.Task2.V25\Tyuiu.SheludkovAA.Sprint4.Task2.V25.csproj", "{01AA85D0-4AD1-4420-88DD-60D7CE9449C2}"
EndProject
Project("{2150E333-8FDC-42A3-9474-1A3956D46DE8}") = "Task3", "Task3", "{B376C137-FE60-4A42-BE1F-8A7D0F2D3D85}"
EndProject
Project("{FAE04EC0-301F-11D3-BF4B-00C04F79EFBC}") = "Tyuiu.SheludkovAA.Sprint4.Task3.V1.Test", "Tyuiu.SheludkovAA.Sprint4.Task3.V1.Test\Tyuiu.SheludkovAA.Sprint4.Task3.V1.Test.csproj", "{F6BABA47-DDC2-46EE-AA51-CE2010E9F5AF}"
EndProject
Project("{FAE04EC0-301F-11D3-BF4B-00C04F79EFBC}") = "Tyuiu.SheludkovAA.Sprint4.Task3.V1.Lib", "Tyuiu.SheludkovAA.Sprint4.Task3.V1.Lib\Tyuiu.SheludkovAA.Sprint4.Task3.V1.Lib.csproj", "{34FC346C-E0D4-42F0-B73B-BFC88E8D4308}"
EndProject
Project("{FAE04EC0-301F-11D3-BF4B-00C04F79EFBC}") = "Tyuiu.SheludkovAA.Sprint4.Task3.V1", "Tyuiu.SheludkovAA.Sprint4.Task3.V1\Tyuiu.SheludkovAA.Sprint4.Task3.V1.csproj", "{3F1BF8F0-5637-4536-902F-34A9B4FAA4DB}"
EndProject
Project("{2150E333-8FDC-42A3-9474-1A3956D46DE8}") = "Task4", "Task4", "{05A06E84-6B72-4349-A5CB-C64B16264668}"
EndProject
Project("{FAE04EC0-301F-11D3-BF4B-00C04F79EFBC}") = "Tyuiu.SheludkovAA.Sprint4.Task4.V14.Test", "Tyuiu.SheludkovAA.Sprint4.Task4.V14.Test\Tyuiu.SheludkovAA.Sprint4.Task4.V14.Test.csproj", "{C565E530-8C48-4CC3-AFAC-C9ED68597728}"
EndProject
Project("{FAE04EC0-301F-11D3-BF4B-00C04F79EFBC}") = "Tyuiu.SheludkovAA.Sprint4.Task4.V14.Lib", "Tyuiu.SheludkovAA.Sprint4.Task4.V14.Lib\Tyuiu.SheludkovAA.Sprint4.Task4.V14.Lib.csproj", "{556212E3-A0C3-46A6-85E9-637936E4C021}"
EndProject
Project("{FAE04EC0-301F-11D3-BF4B-00C04F79EFBC}") = "Tyuiu.SheludkovAA.Sprint4.Task4.V14", "Tyuiu.SheludkovAA.Sprint4.Task4.V14\Tyuiu.SheludkovAA.Sprint4.Task4.V14.csproj", "{CFBADE11-7F77-4204-9683-A67FF3F87016}"
EndProject
Project("{2150E333-8FDC-42A3-9474-1A3956D46DE8}") = "Task5", "Task5", "{202C5AD4-54DF-4173-B999-2ABBCC8956D9}"
EndProject
Project("{FAE04EC0-301F-11D3-BF4B-00C04F79EFBC}") = "Tyuiu.SheludkovAA.Sprint4.Task5.V30.Test", "Tyuiu.SheludkovAA.Sprint4.Task5.V30.Test\Tyuiu.SheludkovAA.Sprint4.Task5.V30.Test.csproj", "{9F3C3010-CE92-4615-B74B-AE10C830D6E9}"
EndProject
Project("{FAE04EC0-301F-11D3-BF4B-00C04F79EFBC}") = "Tyuiu.SheludkovAA.Sprint4.Task5.V30.Lib", "Tyuiu.SheludkovAA.Sprint4.Task5.V30.Lib\Tyuiu.SheludkovAA.Sprint4.Task5.V30.Lib.csproj", "{49B7D9FD-9A80-4F02-AAE9-602DC4535CA6}"
EndProject
Project("{FAE04EC0-301F-11D3-BF4B-00C04F79EFBC}") = "Tyuiu.SheludkovAA.Sprint4.Task5.V30", "Tyuiu.SheludkovAA.Sprint4.Task5.V30\Tyuiu.SheludkovAA.Sprint4.Task5.V30.csproj", "{9DCAB014-43F9-4BF1-8103-808970AB0A18}"
EndProject
Project("{2150E333-8FDC-42A3-9474-1A3956D46DE8}") = "Task6", "Task6", "{81FBD0F9-5765-43EF-A0BF-CCB2647E7298}"
EndProject
Project("{FAE04EC0-301F-11D3-BF4B-00C04F79EFBC}") = "Tyuiu.SheludkovAA.Sprint4.Task6.V6.Test", "Tyuiu.SheludkovAA.Sprint4.Task6.V6.Test\Tyuiu.SheludkovAA.Sprint4.Task6.V6.Test.csproj", "{311E9AF3-784D-4BCC-BF27-43B8FB2462AE}"
EndProject
Project("{FAE04EC0-301F-11D3-BF4B-00C04F79EFBC}") = "Tyuiu.SheludkovAA.Sprint4.Task6.V6.Lib", "Tyuiu.SheludkovAA.Sprint4.Task6.V6.Lib\Tyuiu.SheludkovAA.Sprint4.Task6.V6.Lib.csproj", "{0592F24B-30DA-44B0-8D08-2B8EE0945D11}"
EndProject
Project("{FAE04EC0-301F-11D3-BF4B-00C04F79EFBC}") = "Tyuiu.SheludkovAA.Sprint4.Task6.V6", "Tyuiu.SheludkovAA.Sprint4.Task6.V6\Tyuiu.SheludkovAA.Sprint4.Task6.V6.csproj", "{4A07A639-2E32-4F59-BF64-92A7484C1957}"
EndProject
Global
	GlobalSection(SolutionConfigurationPlatforms) = preSolution
		Debug|Any CPU = Debug|Any CPU
		Release|Any CPU = Release|Any CPU
	EndGlobalSection
	GlobalSection(ProjectConfigurationPlatforms) = postSolution
		{0B8EA93B-E10B-4CDF-9297-1DF39351EB1B}.Debug|Any CPU.ActiveCfg = Debug|Any CPU
		{0B8EA93B-E10B-4CDF-9297-1DF39351EB1B}.Debug|Any CPU.Build.0 = Debug|Any CPU
		{0B8EA93B-E10B-4CDF-9297-1DF39351EB1B}.Release|Any CPU.ActiveCfg = Release|Any CPU
		{0B8EA93B-E10B-4CDF-9297-1DF39351EB1B}.Release|Any CPU.Build.0 = Release|Any CPU
		{80379423-1D99-4F8B-BAB1-95CB7E32C8B5}.Debug|Any CPU.ActiveCfg = Debug|Any CPU
		{80379423-1D99-4F8B-BAB1-95CB7E32C8B5}.Debug|Any CPU.Build.0 = Debug|Any CPU
		{80379423-1D99-4F8B-BAB1-95CB7E32C8B5}.Release|Any CPU.ActiveCfg = Release|Any CPU
		{80379423-1D99-4F8B-BAB1-95CB7E32C8B5}.Release|Any CPU.Build.0 = Release|Any CPU
		{408F3298-1477-461E-B0DA-31C6EF92F508}.Debug|Any CPU.ActiveCfg = Debug|Any CPU
		{408F3298-1477-461E-B0DA-31C6EF92F508}.Debug|Any CPU.Build.0 = Debug|Any CPU
		{408F3298-1477-461E-B0DA-31C6EF92F508}.Release|Any CPU.ActiveCfg = Release|Any CPU
		{408F3298-1477-461E-B0DA-31C6EF92F508}.Release|Any CPU.Build.0 = Release|Any CPU
		{FAF1DF8B-22EC-433B-BB29-F1A4061350A8}.Debug|Any CPU.ActiveCfg = Debug|Any CPU
		{FAF1DF8B-22EC-433B-BB29-F1A4061350A8}.Debug|Any CPU.Build.0 = Debug|Any CPU
		{FAF1DF8B-22EC-433B-BB29-F1A4061350A8}.Release|Any CPU.ActiveCfg = Release|Any CPU
		{FAF1DF8B-22EC-433B-BB29-F1A4061350A8}.Release|Any CPU.Build.0 = Release|Any CPU
		{70FFE4A3-CBAC-470B-9677-E8928539F6CF}.Debug|Any CPU.ActiveCfg = Debug|Any CPU
		{70FFE4A3-CBAC-470B-9677-E8928539F6CF}.Debug|Any CPU.Build.0 = Debug|Any CPU
		{70FFE4A3-CBAC-470B-9677-E8928539F6CF}.Release|Any CPU.ActiveCfg = Release|Any CPU
		{70FFE4A3-CBAC-470B-9677-E8928539F6CF}.Release|Any CPU.Build.0 = Release|Any CPU
		{5D6D9531-6188-41FF-8509-FC20CF16BF20}.Debug|Any CPU.ActiveCfg = Debug|Any CPU
		{5D6D9531-6188-41FF-8509-FC20CF16BF20}.Debug|Any CPU.Build.0 = Debug|Any CPU
		{5D6D9531-6188-41FF-8509-FC20CF16BF20}.Release|Any CPU.ActiveCfg = Release|Any CPU
		{5D6D9531-6188-41FF-8509-FC20CF16BF20}.Release|Any CPU.Build.0 = Release|Any CPU
		{0315F40D-81E3-4578-B1A1-1E55B2C382CD}.Debug|Any CPU.ActiveCfg = Debug|Any CPU
		{0315F40D-81E3-4578-B1A1-1E55B2C382CD}.Debug|Any CPU.Build.0 = Debug|Any CPU
		{0315F40D-81E3-4578-B1A1-1E55B2C382CD}.Release|Any CPU.ActiveCfg = Release|Any CPU
		{0315F40D-81E3-4578-B1A1-1E55B2C382CD}.Release|Any CPU.Build.0 = Release|Any CPU
		{33B33C49-F834-4B74-817D-80C133147266}.Debug|Any CPU.ActiveCfg = Debug|Any CPU
		{33B33C49-F834-4B74-817D-80C133147266}.Debug|Any CPU.Build.0 = Debug|Any CPU
		{33B33C49-F834-4B74-817D-80C133147266}.Release|Any CPU.ActiveCfg = Release|Any CPU
		{33B33C49-F834-4B74-817D-80C133147266}.Release|Any CPU.Build.0 = Release|Any CPU
		{01AA85D0-4AD1-4420-88DD-60D7CE9449C2}.Debug|Any CPU.ActiveCfg = Debug|Any CPU
		{01AA85D0-4AD1-4420-88DD-60D7CE9449C2}.Debug|Any CPU.Build.0 = Debug|Any CPU
		{01AA85D0-4AD1-4420-88DD-60D7CE9449C2}.Release|Any CPU.ActiveCfg = Release|Any CPU
		{01AA85D0-4AD1-4420-88DD-60D7CE9449C2}.Release|Any CPU.Build.0 = Release|Any CPU
		{F6BABA47-DDC2-46EE-AA51-CE2010E9F5AF}.Debug|Any CPU.ActiveCfg = Debug|Any CPU
		{F6BABA47-DDC2-46EE-AA51-CE2010E9F5AF}.Debug|Any CPU.Build.0 = Debug|Any CPU
		{F6BABA47-DDC2-46EE-AA51-CE2010E9F5AF}.Release|Any CPU.ActiveCfg = Release|Any CPU
		{F6BABA47-DDC2-46EE-AA51-CE2010E9F5AF}.Release|Any CPU.Build.0 = Release|Any CPU
		{34FC346C-E0D4-42F0-B73B-BFC88E8D4308}.Debug|Any CPU.ActiveCfg = Debug|Any CPU
		{34FC346C-E0D4-42F0-B73B-BFC88E8D4308}.Debug|Any CPU.Build.0 = Debug|Any CPU
		{34FC346C-E0D4-42F0-B73B-BFC88E8D4308}.Release|Any CPU.ActiveCfg = Release|Any CPU
		{34FC346C-E0D4-42F0-B73B-BFC88E8D4308}.Release|Any CPU.Build.0 = Release|Any CPU
		{3F1BF8F0-5637-4536-902F-34A9B4FAA4DB}.Debug|Any CPU.ActiveCfg = Debug|Any CPU
		{3F1BF8F0-5637-4536-902F-34A9B4FAA4DB}.Debug|Any CPU.Build.0 = Debug|Any CPU
		{3F1BF8F0-5637-4536-902F-34A9B4FAA4DB}.Release|Any CPU.ActiveCfg = Release|Any CPU
		{3F1BF8F0-5637-4536-902F-34A9B4FAA4DB}.Release|Any CPU.Build.0 = Release|Any CPU
		{C565E530-8C48-4CC3-AFAC-C9ED68597728}.Debug|Any CPU.ActiveCfg = Debug|Any CPU
		{C565E530-8C48-4CC3-AFAC-C9ED68597728}.Debug|Any CPU.Build.0 = Debug|Any CPU
		{C565E530-8C48-4CC3-AFAC-C9ED68597728}.Release|Any CPU.ActiveCfg = Release|Any CPU
		{C565E530-8C48-4CC3-AFAC-C9ED68597728}.Release|Any CPU.Build.0 = Release|Any CPU
		{556212E3-A0C3-46A6-85E9-637936E4C021}.Debug|Any CPU.ActiveCfg = Debug|Any CPU
		{556212E3-A0C3-46A6-85E9-637936E4C021}.Debug|Any CPU.Build.0 = Debug|Any CPU
		{556212E3-A0C3-46A6-85E9-637936E4C021}.Release|Any CPU.ActiveCfg = Release|Any CPU
		{556212E3-A0C3-46A6-85E9-637936E4C021}.Release|Any CPU.Build.0 = Release|Any CPU
		{CFBADE11-7F77-4204-9683-A67FF3F87016}.Debug|Any CPU.ActiveCfg = Debug|Any CPU
		{CFBADE11-7F77-4204-9683-A67FF3F87016}.Debug|Any CPU.Build.0 = Debug|Any CPU
		{CFBADE11-7F77-4204-9683-A67FF3F87016}.Release|Any CPU.ActiveCfg = Release|Any CPU
		{CFBADE11-7F77-4204-9683-A67FF3F87016}.Release|Any CPU.Build.0 = Release|Any CPU
		{9F3C3010-CE92-4615-B74B-AE10C830D6E9}.Debug|Any CPU.ActiveCfg = Debug|Any CPU
		{9F3C3010-CE92-4615-B74B-AE10C830D6E9}.Debug|Any CPU.Build.0 = Debug|Any CPU
		{9F3C3010-CE92-4615-B74B-AE10C830D6E9}.Release|Any CPU.ActiveCfg = Release|Any CPU
		{9F3C3010-CE92-4615-B74B-AE10C830D6E9}.Release|Any CPU.Build.0 = Release|Any CPU
		{49B7D9FD-9A80-4F02-AAE9-602DC4535CA6}.Debug|Any CPU.ActiveCfg = Debug|Any CPU
		{49B7D9FD-9A80-4F02-AAE9-602DC4535CA6}.Debug|Any CPU.Build.0 = Debug|Any CPU
		{49B7D9FD-9A80-4F02-AAE9-602DC4535CA6}.Release|Any CPU.ActiveCfg = Release|Any CPU
		{49B7D9FD-9A80-4F02-AAE9-602DC4535CA6}.Release|Any CPU.Build.0 = Release|Any CPU
		{9DCAB014-43F9-4BF1-8103-808970AB0A18}.Debug|Any CPU.ActiveCfg = Debug|Any CPU
		{9DCAB014-43F9-4BF1-8103-808970AB0A18}.Debug|Any CPU.Build.0 = Debug|Any CPU
		{9DCAB014-43F9-4BF1-8103-808970AB0A18}.Release|Any CPU.ActiveCfg = Release|Any CPU
		{9DCAB014-43F9-4BF1-8103-808970AB0A18}.Release|Any CPU.Build.0 = Release|Any CPU
		{311E9AF3-784D-4BCC-BF27-43B8FB2462AE}.Debug|Any CPU.ActiveCfg = Debug|Any CPU
		{311E9AF3-784D-4BCC-BF27-43B8FB2462AE}.Debug|Any CPU.Build.0 = Debug|Any CPU
		{311E9AF3-784D-4BCC-BF27-43B8FB2462AE}.Release|Any CPU.ActiveCfg = Release|Any CPU
		{311E9AF3-784D-4BCC-BF27-43B8FB2462AE}.Release|Any CPU.Build.0 = Release|Any CPU
		{0592F24B-30DA-44B0-8D08-2B8EE0945D11}.Debug|Any CPU.ActiveCfg = Debug|Any CPU
		{0592F24B-30DA-44B0-8D08-2B8EE0945D11}.Debug|Any CPU.Build.0 = Debug|Any CPU
		{0592F24B-30DA-44B0-8D08-2B8EE0945D11}.Release|Any CPU.ActiveCfg = Release|Any CPU
		{0592F24B-30DA-44B0-8D08-2B8EE0945D11}.Release|Any CPU.Build.0 = Release|Any CPU
		{4A07A639-2E32-4F59-BF64-92A7484C1957}.Debug|Any CPU.ActiveCfg = Debug|Any CPU
		{4A07A639-2E32-4F59-BF64-92A7484C1957}.Debug|Any CPU.Build.0 = Debug|Any CPU
		{4A07A639-2E32-4F59-BF64-92A7484C1957}.Release|Any CPU.ActiveCfg = Release|Any CPU
		{4A07A639-2E32-4F59-BF64-92A7484C1957}.Release|Any CPU.Build.0 = Release|Any CPU
	EndGlobalSection
	GlobalSection(SolutionProperties) = preSolution
		HideSolutionNode = FALSE
	EndGlobalSection
	GlobalSection(NestedProjects) = preSolution
		{0B8EA93B-E10B-4CDF-9297-1DF39351EB1B} = {977367D8-1057-420E-9E0F-5C0F03240CBF}
		{80379423-1D99-4F8B-BAB1-95CB7E32C8B5} = {977367D8-1057-420E-9E0F-5C0F03240CBF}
		{408F3298-1477-461E-B0DA-31C6EF92F508} = {977367D8-1057-420E-9E0F-5C0F03240CBF}
		{FAF1DF8B-22EC-433B-BB29-F1A4061350A8} = {58F7DD7E-202E-4AF3-85A6-A51E31041E43}
		{70FFE4A3-CBAC-470B-9677-E8928539F6CF} = {58F7DD7E-202E-4AF3-85A6-A51E31041E43}
		{5D6D9531-6188-41FF-8509-FC20CF16BF20} = {58F7DD7E-202E-4AF3-85A6-A51E31041E43}
		{0315F40D-81E3-4578-B1A1-1E55B2C382CD} = {922C6622-0574-44E1-8AFB-F0716D274942}
		{33B33C49-F834-4B74-817D-80C133147266} = {922C6622-0574-44E1-8AFB-F0716D274942}
		{01AA85D0-4AD1-4420-88DD-60D7CE9449C2} = {922C6622-0574-44E1-8AFB-F0716D274942}
		{F6BABA47-DDC2-46EE-AA51-CE2010E9F5AF} = {B376C137-FE60-4A42-BE1F-8A7D0F2D3D85}
		{34FC346C-E0D4-42F0-B73B-BFC88E8D4308} = {B376C137-FE60-4A42-BE1F-8A7D0F2D3D85}
		{3F1BF8F0-5637-4536-902F-34A9B4FAA4DB} = {B376C137-FE60-4A42-BE1F-8A7D0F2D3D85}
		{C565E530-8C48-4CC3-AFAC-C9ED68597728} = {05A06E84-6B72-4349-A5CB-C64B16264668}
		{556212E3-A0C3-46A6-85E9-637936E4C021} = {05A06E84-6B72-4349-A5CB-C64B16264668}
		{CFBADE11-7F77-4204-9683-A67FF3F87016} = {05A06E84-6B72-4349-A5CB-C64B16264668}
		{9F3C3010-CE92-4615-B74B-AE10C830D6E9} = {202C5AD4-54DF-4173-B999-2ABBCC8956D9}
		{49B7D9FD-9A80-4F02-AAE9-602DC4535CA6} = {202C5AD4-54DF-4173-B999-2ABBCC8956D9}
		{9DCAB014-43F9-4BF1-8103-808970AB0A18} = {202C5AD4-54DF-4173-B999-2ABBCC8956D9}
		{311E9AF3-784D-4BCC-BF27-43B8FB2462AE} = {81FBD0F9-5765-43EF-A0BF-CCB2647E7298}
		{0592F24B-30DA-44B0-8D08-2B8EE0945D11} = {81FBD0F9-5765-43EF-A0BF-CCB2647E7298}
		{4A07A639-2E32-4F59-BF64-92A7484C1957} = {81FBD0F9-5765-43EF-A0BF-CCB2647E7298}
	EndGlobalSection
	GlobalSection(ExtensibilityGlobals) = postSolution
		SolutionGuid = {026E6A02-C48F-4136-9D16-85850307A30A}
	EndGlobalSection
EndGlobal
